
Microsoft Visual Studio Solution File, Format Version 12.00
# Visual Studio Version 17
VisualStudioVersion = 17.14.36511.14
MinimumVisualStudioVersion = 10.0.40219.1
Project("{FAE04EC0-301F-11D3-BF4B-00C04F79EFBC}") = "MilitaryModel", "MilitaryModel\MilitaryModel.csproj", "{DC0BD582-67E8-4F47-A518-1368B9C480AB}"
EndProject
Project("{FAE04EC0-301F-11D3-BF4B-00C04F79EFBC}") = "SOTN", "SOTN\SOTN.csproj", "{8FB253D0-7EFE-4966-8B2C-E56CC0DECAD6}"
EndProject
Project("{FAE04EC0-301F-11D3-BF4B-00C04F79EFBC}") = "MapData", "MapData\MapData.csproj", "{56558A2D-D685-4C9D-825C-152182BFC98E}"
EndProject
Project("{FAE04EC0-301F-11D3-BF4B-00C04F79EFBC}") = "TestApplication", "TestApplication\TestApplication.csproj", "{BB43FAB8-23C4-4C91-8949-5F7E6B25E072}"
	ProjectSection(ProjectDependencies) = postProject
		{56558A2D-D685-4C9D-825C-152182BFC98E} = {56558A2D-D685-4C9D-825C-152182BFC98E}
		{71B6F7D9-A75A-4C23-9167-2194CEFBDCF9} = {71B6F7D9-A75A-4C23-9167-2194CEFBDCF9}
		{8FB253D0-7EFE-4966-8B2C-E56CC0DECAD6} = {8FB253D0-7EFE-4966-8B2C-E56CC0DECAD6}
		{D27CEB3F-71C0-4AAC-AAE0-C6C50EF67E78} = {D27CEB3F-71C0-4AAC-AAE0-C6C50EF67E78}
		{DC0BD582-67E8-4F47-A518-1368B9C480AB} = {DC0BD582-67E8-4F47-A518-1368B9C480AB}
	EndProjectSection
EndProject
Project("{FAE04EC0-301F-11D3-BF4B-00C04F79EFBC}") = "PyDCSInterop", "PyDCSInterop\PyDCSInterop.csproj", "{71B6F7D9-A75A-4C23-9167-2194CEFBDCF9}"
EndProject
Project("{FAE04EC0-301F-11D3-BF4B-00C04F79EFBC}") = "TTS_Data", "TTS_Data\TTS_Data.csproj", "{09A90268-9595-4817-8A9B-5133231A0EFB}"
	ProjectSection(ProjectDependencies) = postProject
		{DC0BD582-67E8-4F47-A518-1368B9C480AB} = {DC0BD582-67E8-4F47-A518-1368B9C480AB}
	EndProjectSection
EndProject
Project("{FAE04EC0-301F-11D3-BF4B-00C04F79EFBC}") = "Utilities", "Utilities\Utilities.csproj", "{D27CEB3F-71C0-4AAC-AAE0-C6C50EF67E78}"
	ProjectSection(ProjectDependencies) = postProject
		{09A90268-9595-4817-8A9B-5133231A0EFB} = {09A90268-9595-4817-8A9B-5133231A0EFB}
		{56558A2D-D685-4C9D-825C-152182BFC98E} = {56558A2D-D685-4C9D-825C-152182BFC98E}
		{71B6F7D9-A75A-4C23-9167-2194CEFBDCF9} = {71B6F7D9-A75A-4C23-9167-2194CEFBDCF9}
		{8FB253D0-7EFE-4966-8B2C-E56CC0DECAD6} = {8FB253D0-7EFE-4966-8B2C-E56CC0DECAD6}
		{DC0BD582-67E8-4F47-A518-1368B9C480AB} = {DC0BD582-67E8-4F47-A518-1368B9C480AB}
	EndProjectSection
EndProject
Global
	GlobalSection(SolutionConfigurationPlatforms) = preSolution
		Debug|Any CPU = Debug|Any CPU
		Release|Any CPU = Release|Any CPU
	EndGlobalSection
	GlobalSection(ProjectConfigurationPlatforms) = postSolution
		{DC0BD582-67E8-4F47-A518-1368B9C480AB}.Debug|Any CPU.ActiveCfg = Debug|Any CPU
		{DC0BD582-67E8-4F47-A518-1368B9C480AB}.Debug|Any CPU.Build.0 = Debug|Any CPU
		{DC0BD582-67E8-4F47-A518-1368B9C480AB}.Release|Any CPU.ActiveCfg = Release|Any CPU
		{DC0BD582-67E8-4F47-A518-1368B9C480AB}.Release|Any CPU.Build.0 = Release|Any CPU
		{8FB253D0-7EFE-4966-8B2C-E56CC0DECAD6}.Debug|Any CPU.ActiveCfg = Debug|Any CPU
		{8FB253D0-7EFE-4966-8B2C-E56CC0DECAD6}.Debug|Any CPU.Build.0 = Debug|Any CPU
		{8FB253D0-7EFE-4966-8B2C-E56CC0DECAD6}.Release|Any CPU.ActiveCfg = Release|Any CPU
		{8FB253D0-7EFE-4966-8B2C-E56CC0DECAD6}.Release|Any CPU.Build.0 = Release|Any CPU
		{56558A2D-D685-4C9D-825C-152182BFC98E}.Debug|Any CPU.ActiveCfg = Debug|Any CPU
		{56558A2D-D685-4C9D-825C-152182BFC98E}.Debug|Any CPU.Build.0 = Debug|Any CPU
		{56558A2D-D685-4C9D-825C-152182BFC98E}.Release|Any CPU.ActiveCfg = Release|Any CPU
		{56558A2D-D685-4C9D-825C-152182BFC98E}.Release|Any CPU.Build.0 = Release|Any CPU
		{BB43FAB8-23C4-4C91-8949-5F7E6B25E072}.Debug|Any CPU.ActiveCfg = Debug|Any CPU
		{BB43FAB8-23C4-4C91-8949-5F7E6B25E072}.Debug|Any CPU.Build.0 = Debug|Any CPU
		{BB43FAB8-23C4-4C91-8949-5F7E6B25E072}.Release|Any CPU.ActiveCfg = Release|Any CPU
		{BB43FAB8-23C4-4C91-8949-5F7E6B25E072}.Release|Any CPU.Build.0 = Release|Any CPU
		{71B6F7D9-A75A-4C23-9167-2194CEFBDCF9}.Debug|Any CPU.ActiveCfg = Debug|Any CPU
		{71B6F7D9-A75A-4C23-9167-2194CEFBDCF9}.Debug|Any CPU.Build.0 = Debug|Any CPU
		{71B6F7D9-A75A-4C23-9167-2194CEFBDCF9}.Release|Any CPU.ActiveCfg = Release|Any CPU
		{71B6F7D9-A75A-4C23-9167-2194CEFBDCF9}.Release|Any CPU.Build.0 = Release|Any CPU
		{09A90268-9595-4817-8A9B-5133231A0EFB}.Debug|Any CPU.ActiveCfg = Debug|Any CPU
		{09A90268-9595-4817-8A9B-5133231A0EFB}.Debug|Any CPU.Build.0 = Debug|Any CPU
		{09A90268-9595-4817-8A9B-5133231A0EFB}.Release|Any CPU.ActiveCfg = Release|Any CPU
		{09A90268-9595-4817-8A9B-5133231A0EFB}.Release|Any CPU.Build.0 = Release|Any CPU
		{D27CEB3F-71C0-4AAC-AAE0-C6C50EF67E78}.Debug|Any CPU.ActiveCfg = Debug|Any CPU
		{D27CEB3F-71C0-4AAC-AAE0-C6C50EF67E78}.Debug|Any CPU.Build.0 = Debug|Any CPU
		{D27CEB3F-71C0-4AAC-AAE0-C6C50EF67E78}.Release|Any CPU.ActiveCfg = Release|Any CPU
		{D27CEB3F-71C0-4AAC-AAE0-C6C50EF67E78}.Release|Any CPU.Build.0 = Release|Any CPU
	EndGlobalSection
	GlobalSection(SolutionProperties) = preSolution
		HideSolutionNode = FALSE
	EndGlobalSection
	GlobalSection(ExtensibilityGlobals) = postSolution
		SolutionGuid = {A70FFFB5-1F31-4AE5-BEC7-69F869A07FCD}
	EndGlobalSection
EndGlobal
