Microsoft Visual Studio Solution File, Format Version 12.00
# Visual Studio Version 17
VisualStudioVersion = 17.5.2.0
MinimumVisualStudioVersion = 10.0.40219.1
Project("{FAE04EC0-301F-11D3-BF4B-00C04F79EFBC}") = "ACEDCS", "ACEDCS.csproj", "{D17A5BCF-02CC-4712-7B89-734CC24DB27B}"
EndProject
Global
	GlobalSection(SolutionConfigurationPlatforms) = preSolution
		Debug|Any CPU = Debug|Any CPU
		Release|Any CPU = Release|Any CPU
	EndGlobalSection
	GlobalSection(ProjectConfigurationPlatforms) = postSolution
		{D17A5BCF-02CC-4712-7B89-734CC24DB27B}.Debug|Any CPU.ActiveCfg = Debug|Any CPU
		{D17A5BCF-02CC-4712-7B89-734CC24DB27B}.Debug|Any CPU.Build.0 = Debug|Any CPU
		{D17A5BCF-02CC-4712-7B89-734CC24DB27B}.Release|Any CPU.ActiveCfg = Release|Any CPU
		{D17A5BCF-02CC-4712-7B89-734CC24DB27B}.Release|Any CPU.Build.0 = Release|Any CPU
	EndGlobalSection
	GlobalSection(SolutionProperties) = preSolution
		HideSolutionNode = FALSE
	EndGlobalSection
	GlobalSection(ExtensibilityGlobals) = postSolution
		SolutionGuid = {E0316339-F144-43D0-AA5C-0B8EECCF2D89}
	EndGlobalSection
EndGlobal
